symfony v2.0.12
twig v1.6.2
monolog 1.0.2
doctrine-common 2.1.4
doctrine-dbal 2.1.6
doctrine 2.1.6
swiftmailer v4.1.5
assetic v1.0.3
twig-extensions 446d870272cd87a720e95242eade38a2acf56eaa
metadata 1.0.0
SensioFrameworkExtraBundle 1eda94d838aa885e154f92f426df35f2252cdb92
JMSSecurityExtraBundle e752f888c51425f71382c056961f10f2be642102
SensioDistributionBundle 20b66a408084ad8752f98e50f10533f5245310bf
SensioGeneratorBundle 83b768a487a6878f2bc2ad6859bd61a3651a7885
AsseticBundle v1.0.1
DoctrineExtensions 015de8edd4024dd1aeddd95d969448ce931a6c66
StofDoctrineExtensionsBundle f141a698d65271a18d86469c1f7b29d7e24170dd
